// !$*UTF8*$!
{
	archiveVersion = 1;
	classes = {
	};
	objectVersion = 50;
	objects = {

/* Begin PBXBuildFile section */
		F936939B20DF80AC0008B788 /* String+Localization.swift in Sources */ = {isa = PBXBuildFile; fileRef = F936939A20DF80AC0008B788 /* String+Localization.swift */; };
		F936939F20DF89860008B788 /* UIButton+Custom.swift in Sources */ = {isa = PBXBuildFile; fileRef = F936939E20DF89860008B788 /* UIButton+Custom.swift */; };
		F93693A120DF9D150008B788 /* UIColor+Custom.swift in Sources */ = {isa = PBXBuildFile; fileRef = F93693A020DF9D150008B788 /* UIColor+Custom.swift */; };
		F93693A420DFA80F0008B788 /* DecoratorView.swift in Sources */ = {isa = PBXBuildFile; fileRef = F93693A320DFA80F0008B788 /* DecoratorView.swift */; };
		F93693A620DFAD650008B788 /* DecorationFlowLayout.swift in Sources */ = {isa = PBXBuildFile; fileRef = F93693A520DFAD650008B788 /* DecorationFlowLayout.swift */; };
		F97AB78020DCECB400E5935D /* AppDelegate.swift in Sources */ = {isa = PBXBuildFile; fileRef = F97AB77F20DCECB400E5935D /* AppDelegate.swift */; };
		F97AB78520DCECB400E5935D /* Main.storyboard in Resources */ = {isa = PBXBuildFile; fileRef = F97AB78320DCECB400E5935D /* Main.storyboard */; };
		F97AB78720DCECB500E5935D /* Assets.xcassets in Resources */ = {isa = PBXBuildFile; fileRef = F97AB78620DCECB500E5935D /* Assets.xcassets */; };
		F97AB78A20DCECB500E5935D /* LaunchScreen.storyboard in Resources */ = {isa = PBXBuildFile; fileRef = F97AB78820DCECB500E5935D /* LaunchScreen.storyboard */; };
		F97AB79520DCECB500E5935D /* Zadanie_RekrutacyjneTests.swift in Sources */ = {isa = PBXBuildFile; fileRef = F97AB79420DCECB500E5935D /* Zadanie_RekrutacyjneTests.swift */; };
		F97AB7A020DCECB500E5935D /* Zadanie_RekrutacyjneUITests.swift in Sources */ = {isa = PBXBuildFile; fileRef = F97AB79F20DCECB500E5935D /* Zadanie_RekrutacyjneUITests.swift */; };
		F97AB7B520DCEDCA00E5935D /* Localizable.strings in Resources */ = {isa = PBXBuildFile; fileRef = F97AB7B720DCEDCA00E5935D /* Localizable.strings */; };
		F97AB7BB20DCEF0500E5935D /* BaseViewController.swift in Sources */ = {isa = PBXBuildFile; fileRef = F97AB7BA20DCEF0500E5935D /* BaseViewController.swift */; };
		F97AB7BE20DCEF6500E5935D /* MainViewController.swift in Sources */ = {isa = PBXBuildFile; fileRef = F97AB7BD20DCEF6500E5935D /* MainViewController.swift */; };
		F9E0649620DCF5FD000F8C77 /* ElementViewCell.swift in Sources */ = {isa = PBXBuildFile; fileRef = F9E0649520DCF5FD000F8C77 /* ElementViewCell.swift */; };
		F9E0649820DCFBB7000F8C77 /* ElementColor.swift in Sources */ = {isa = PBXBuildFile; fileRef = F9E0649720DCFBB7000F8C77 /* ElementColor.swift */; };
		F9E0649A20DD0C44000F8C77 /* Elements.swift in Sources */ = {isa = PBXBuildFile; fileRef = F9E0649920DD0C44000F8C77 /* Elements.swift */; };
		F9E0649C20DD151E000F8C77 /* Element.swift in Sources */ = {isa = PBXBuildFile; fileRef = F9E0649B20DD151E000F8C77 /* Element.swift */; };
		F9E0649E20DD27B8000F8C77 /* MainTimer.swift in Sources */ = {isa = PBXBuildFile; fileRef = F9E0649D20DD27B8000F8C77 /* MainTimer.swift */; };
		F9F244A820E0F33C0030D5F5 /* ElementsTest.swift in Sources */ = {isa = PBXBuildFile; fileRef = F9F244A720E0F33C0030D5F5 /* ElementsTest.swift */; };
		F9F244AA20E0F4100030D5F5 /* ElementTests.swift in Sources */ = {isa = PBXBuildFile; fileRef = F9F244A920E0F4100030D5F5 /* ElementTests.swift */; };
		F9F244AC20E0F4E40030D5F5 /* TimerTests.swift in Sources */ = {isa = PBXBuildFile; fileRef = F9F244AB20E0F4E40030D5F5 /* TimerTests.swift */; };
		F9F244AE20E0FA880030D5F5 /* ElementsColorTests.swift in Sources */ = {isa = PBXBuildFile; fileRef = F9F244AD20E0FA880030D5F5 /* ElementsColorTests.swift */; };
		F9F244B020E0FF080030D5F5 /* MainViewControllerTests.swift in Sources */ = {isa = PBXBuildFile; fileRef = F9F244AF20E0FF080030D5F5 /* MainViewControllerTests.swift */; };
/* End PBXBuildFile section */

/* Begin PBXContainerItemProxy section */
		F97AB79120DCECB500E5935D /* PBXContainerItemProxy */ = {
			isa = PBXContainerItemProxy;
			containerPortal = F97AB77420DCECB400E5935D /* Project object */;
			proxyType = 1;
			remoteGlobalIDString = F97AB77B20DCECB400E5935D;
			remoteInfo = "Zadanie Rekrutacyjne";
		};
		F97AB79C20DCECB500E5935D /* PBXContainerItemProxy */ = {
			isa = PBXContainerItemProxy;
			containerPortal = F97AB77420DCECB400E5935D /* Project object */;
			proxyType = 1;
			remoteGlobalIDString = F97AB77B20DCECB400E5935D;
			remoteInfo = "Zadanie Rekrutacyjne";
		};
/* End PBXContainerItemProxy section */

/* Begin PBXFileReference section */
		F936939A20DF80AC0008B788 /* String+Localization.swift */ = {isa = PBXFileReference; lastKnownFileType = sourcecode.swift; path = "String+Localization.swift"; sourceTree = "<group>"; };
		F936939E20DF89860008B788 /* UIButton+Custom.swift */ = {isa = PBXFileReference; lastKnownFileType = sourcecode.swift; path = "UIButton+Custom.swift"; sourceTree = "<group>"; };
		F93693A020DF9D150008B788 /* UIColor+Custom.swift */ = {isa = PBXFileReference; lastKnownFileType = sourcecode.swift; path = "UIColor+Custom.swift"; sourceTree = "<group>"; };
		F93693A320DFA80F0008B788 /* DecoratorView.swift */ = {isa = PBXFileReference; lastKnownFileType = sourcecode.swift; path = DecoratorView.swift; sourceTree = "<group>"; };
		F93693A520DFAD650008B788 /* DecorationFlowLayout.swift */ = {isa = PBXFileReference; lastKnownFileType = sourcecode.swift; path = DecorationFlowLayout.swift; sourceTree = "<group>"; };
		F97AB77C20DCECB400E5935D /* Zadanie Rekrutacyjne.app */ = {isa = PBXFileReference; explicitFileType = wrapper.application; includeInIndex = 0; path = "Zadanie Rekrutacyjne.app"; sourceTree = BUILT_PRODUCTS_DIR; };
		F97AB77F20DCECB400E5935D /* AppDelegate.swift */ = {isa = PBXFileReference; lastKnownFileType = sourcecode.swift; path = AppDelegate.swift; sourceTree = "<group>"; };
		F97AB78420DCECB400E5935D /* Base */ = {isa = PBXFileReference; lastKnownFileType = file.storyboard; name = Base; path = Base.lproj/Main.storyboard; sourceTree = "<group>"; };
		F97AB78620DCECB500E5935D /* Assets.xcassets */ = {isa = PBXFileReference; lastKnownFileType = folder.assetcatalog; path = Assets.xcassets; sourceTree = "<group>"; };
		F97AB78920DCECB500E5935D /* Base */ = {isa = PBXFileReference; lastKnownFileType = file.storyboard; name = Base; path = Base.lproj/LaunchScreen.storyboard; sourceTree = "<group>"; };
		F97AB78B20DCECB500E5935D /* Info.plist */ = {isa = PBXFileReference; lastKnownFileType = text.plist.xml; path = Info.plist; sourceTree = "<group>"; };
		F97AB79020DCECB500E5935D /* Zadanie RekrutacyjneTests.xctest */ = {isa = PBXFileReference; explicitFileType = wrapper.cfbundle; includeInIndex = 0; path = "Zadanie RekrutacyjneTests.xctest"; sourceTree = BUILT_PRODUCTS_DIR; };
		F97AB79420DCECB500E5935D /* Zadanie_RekrutacyjneTests.swift */ = {isa = PBXFileReference; lastKnownFileType = sourcecode.swift; path = Zadanie_RekrutacyjneTests.swift; sourceTree = "<group>"; };
		F97AB79620DCECB500E5935D /* Info.plist */ = {isa = PBXFileReference; lastKnownFileType = text.plist.xml; path = Info.plist; sourceTree = "<group>"; };
		F97AB79B20DCECB500E5935D /* Zadanie RekrutacyjneUITests.xctest */ = {isa = PBXFileReference; explicitFileType = wrapper.cfbundle; includeInIndex = 0; path = "Zadanie RekrutacyjneUITests.xctest"; sourceTree = BUILT_PRODUCTS_DIR; };
		F97AB79F20DCECB500E5935D /* Zadanie_RekrutacyjneUITests.swift */ = {isa = PBXFileReference; lastKnownFileType = sourcecode.swift; path = Zadanie_RekrutacyjneUITests.swift; sourceTree = "<group>"; };
		F97AB7A120DCECB500E5935D /* Info.plist */ = {isa = PBXFileReference; lastKnownFileType = text.plist.xml; path = Info.plist; sourceTree = "<group>"; };
		F97AB7B120DCEDA000E5935D /* pl */ = {isa = PBXFileReference; lastKnownFileType = text.plist.strings; name = pl; path = pl.lproj/Main.strings; sourceTree = "<group>"; };
		F97AB7B220DCEDA000E5935D /* pl */ = {isa = PBXFileReference; lastKnownFileType = text.plist.strings; name = pl; path = pl.lproj/LaunchScreen.strings; sourceTree = "<group>"; };
		F97AB7B620DCEDCA00E5935D /* pl */ = {isa = PBXFileReference; lastKnownFileType = text.plist.strings; name = pl; path = pl.lproj/Localizable.strings; sourceTree = "<group>"; };
		F97AB7B820DCEDCE00E5935D /* Base */ = {isa = PBXFileReference; lastKnownFileType = text.plist.strings; name = Base; path = Base.lproj/Localizable.strings; sourceTree = "<group>"; };
		F97AB7B920DCEDD900E5935D /* en */ = {isa = PBXFileReference; lastKnownFileType = text.plist.strings; name = en; path = en.lproj/Localizable.strings; sourceTree = "<group>"; };
		F97AB7BA20DCEF0500E5935D /* BaseViewController.swift */ = {isa = PBXFileReference; lastKnownFileType = sourcecode.swift; path = BaseViewController.swift; sourceTree = "<group>"; };
		F97AB7BD20DCEF6500E5935D /* MainViewController.swift */ = {isa = PBXFileReference; lastKnownFileType = sourcecode.swift; path = MainViewController.swift; sourceTree = "<group>"; };
		F9E0649520DCF5FD000F8C77 /* ElementViewCell.swift */ = {isa = PBXFileReference; lastKnownFileType = sourcecode.swift; path = ElementViewCell.swift; sourceTree = "<group>"; };
		F9E0649720DCFBB7000F8C77 /* ElementColor.swift */ = {isa = PBXFileReference; lastKnownFileType = sourcecode.swift; path = ElementColor.swift; sourceTree = "<group>"; };
		F9E0649920DD0C44000F8C77 /* Elements.swift */ = {isa = PBXFileReference; lastKnownFileType = sourcecode.swift; path = Elements.swift; sourceTree = "<group>"; };
		F9E0649B20DD151E000F8C77 /* Element.swift */ = {isa = PBXFileReference; lastKnownFileType = sourcecode.swift; path = Element.swift; sourceTree = "<group>"; };
		F9E0649D20DD27B8000F8C77 /* MainTimer.swift */ = {isa = PBXFileReference; lastKnownFileType = sourcecode.swift; path = MainTimer.swift; sourceTree = "<group>"; };
		F9F244A720E0F33C0030D5F5 /* ElementsTest.swift */ = {isa = PBXFileReference; lastKnownFileType = sourcecode.swift; path = ElementsTest.swift; sourceTree = "<group>"; };
		F9F244A920E0F4100030D5F5 /* ElementTests.swift */ = {isa = PBXFileReference; lastKnownFileType = sourcecode.swift; path = ElementTests.swift; sourceTree = "<group>"; };
		F9F244AB20E0F4E40030D5F5 /* TimerTests.swift */ = {isa = PBXFileReference; lastKnownFileType = sourcecode.swift; path = TimerTests.swift; sourceTree = "<group>"; };
		F9F244AD20E0FA880030D5F5 /* ElementsColorTests.swift */ = {isa = PBXFileReference; lastKnownFileType = sourcecode.swift; path = ElementsColorTests.swift; sourceTree = "<group>"; };
		F9F244AF20E0FF080030D5F5 /* MainViewControllerTests.swift */ = {isa = PBXFileReference; lastKnownFileType = sourcecode.swift; path = MainViewControllerTests.swift; sourceTree = "<group>"; };
/* End PBXFileReference section */

/* Begin PBXFrameworksBuildPhase section */
		F97AB77920DCECB400E5935D /* Frameworks */ = {
			isa = PBXFrameworksBuildPhase;
			buildActionMask = 2147483647;
			files = (
			);
			runOnlyForDeploymentPostprocessing = 0;
		};
		F97AB78D20DCECB500E5935D /* Frameworks */ = {
			isa = PBXFrameworksBuildPhase;
			buildActionMask = 2147483647;
			files = (
			);
			runOnlyForDeploymentPostprocessing = 0;
		};
		F97AB79820DCECB500E5935D /* Frameworks */ = {
			isa = PBXFrameworksBuildPhase;
			buildActionMask = 2147483647;
			files = (
			);
			runOnlyForDeploymentPostprocessing = 0;
		};
/* End PBXFrameworksBuildPhase section */

/* Begin PBXGroup section */
		F936939820DF80540008B788 /* Generic */ = {
			isa = PBXGroup;
			children = (
				F936939920DF806B0008B788 /* Extensions */,
			);
			path = Generic;
			sourceTree = "<group>";
		};
		F936939920DF806B0008B788 /* Extensions */ = {
			isa = PBXGroup;
			children = (
				F936939A20DF80AC0008B788 /* String+Localization.swift */,
				F936939E20DF89860008B788 /* UIButton+Custom.swift */,
				F93693A020DF9D150008B788 /* UIColor+Custom.swift */,
			);
			path = Extensions;
			sourceTree = "<group>";
		};
		F93693A220DFA7BB0008B788 /* Decoration View */ = {
			isa = PBXGroup;
			children = (
				F93693A320DFA80F0008B788 /* DecoratorView.swift */,
				F93693A520DFAD650008B788 /* DecorationFlowLayout.swift */,
			);
			name = "Decoration View";
			sourceTree = "<group>";
		};
		F97AB77320DCECB400E5935D = {
			isa = PBXGroup;
			children = (
				F97AB77E20DCECB400E5935D /* Zadanie Rekrutacyjne */,
				F97AB79320DCECB500E5935D /* Zadanie RekrutacyjneTests */,
				F97AB79E20DCECB500E5935D /* Zadanie RekrutacyjneUITests */,
				F97AB77D20DCECB400E5935D /* Products */,
			);
			sourceTree = "<group>";
		};
		F97AB77D20DCECB400E5935D /* Products */ = {
			isa = PBXGroup;
			children = (
				F97AB77C20DCECB400E5935D /* Zadanie Rekrutacyjne.app */,
				F97AB79020DCECB500E5935D /* Zadanie RekrutacyjneTests.xctest */,
				F97AB79B20DCECB500E5935D /* Zadanie RekrutacyjneUITests.xctest */,
			);
			name = Products;
			sourceTree = "<group>";
		};
		F97AB77E20DCECB400E5935D /* Zadanie Rekrutacyjne */ = {
			isa = PBXGroup;
			children = (
				F936939820DF80540008B788 /* Generic */,
				F97AB7AE20DCECD100E5935D /* Model */,
				F97AB7AF20DCECDC00E5935D /* View */,
				F97AB7B020DCECE800E5935D /* Controller */,
				F97AB77F20DCECB400E5935D /* AppDelegate.swift */,
				F97AB7AD20DCECBC00E5935D /* Supporting files */,
			);
			path = "Zadanie Rekrutacyjne";
			sourceTree = "<group>";
		};
		F97AB79320DCECB500E5935D /* Zadanie RekrutacyjneTests */ = {
			isa = PBXGroup;
			children = (
				F9F244AF20E0FF080030D5F5 /* MainViewControllerTests.swift */,
				F9F244AD20E0FA880030D5F5 /* ElementsColorTests.swift */,
				F9F244AB20E0F4E40030D5F5 /* TimerTests.swift */,
				F9F244A920E0F4100030D5F5 /* ElementTests.swift */,
				F9F244A720E0F33C0030D5F5 /* ElementsTest.swift */,
				F97AB79420DCECB500E5935D /* Zadanie_RekrutacyjneTests.swift */,
				F97AB79620DCECB500E5935D /* Info.plist */,
			);
			path = "Zadanie RekrutacyjneTests";
			sourceTree = "<group>";
		};
		F97AB79E20DCECB500E5935D /* Zadanie RekrutacyjneUITests */ = {
			isa = PBXGroup;
			children = (
				F97AB79F20DCECB500E5935D /* Zadanie_RekrutacyjneUITests.swift */,
				F97AB7A120DCECB500E5935D /* Info.plist */,
			);
			path = "Zadanie RekrutacyjneUITests";
			sourceTree = "<group>";
		};
		F97AB7AD20DCECBC00E5935D /* Supporting files */ = {
			isa = PBXGroup;
			children = (
				F97AB78B20DCECB500E5935D /* Info.plist */,
				F97AB78820DCECB500E5935D /* LaunchScreen.storyboard */,
				F97AB78620DCECB500E5935D /* Assets.xcassets */,
				F97AB7B720DCEDCA00E5935D /* Localizable.strings */,
			);
			path = "Supporting files";
			sourceTree = "<group>";
		};
		F97AB7AE20DCECD100E5935D /* Model */ = {
			isa = PBXGroup;
			children = (
				F9E0649720DCFBB7000F8C77 /* ElementColor.swift */,
				F9E0649920DD0C44000F8C77 /* Elements.swift */,
				F9E0649B20DD151E000F8C77 /* Element.swift */,
				F9E0649D20DD27B8000F8C77 /* MainTimer.swift */,
			);
			path = Model;
			sourceTree = "<group>";
		};
		F97AB7AF20DCECDC00E5935D /* View */ = {
			isa = PBXGroup;
			children = (
				F97AB78320DCECB400E5935D /* Main.storyboard */,
			);
			path = View;
			sourceTree = "<group>";
		};
		F97AB7B020DCECE800E5935D /* Controller */ = {
			isa = PBXGroup;
			children = (
				F97AB7BC20DCEF0E00E5935D /* Main View */,
				F97AB7BA20DCEF0500E5935D /* BaseViewController.swift */,
			);
			path = Controller;
			sourceTree = "<group>";
		};
		F97AB7BC20DCEF0E00E5935D /* Main View */ = {
			isa = PBXGroup;
			children = (
				F93693A220DFA7BB0008B788 /* Decoration View */,
				F97AB7C020DCF56A00E5935D /* Cell */,
				F97AB7BD20DCEF6500E5935D /* MainViewController.swift */,
			);
			path = "Main View";
			sourceTree = "<group>";
		};
		F97AB7C020DCF56A00E5935D /* Cell */ = {
			isa = PBXGroup;
			children = (
				F9E0649520DCF5FD000F8C77 /* ElementViewCell.swift */,
			);
			name = Cell;
			sourceTree = "<group>";
		};
/* End PBXGroup section */

/* Begin PBXNativeTarget section */
		F97AB77B20DCECB400E5935D /* Zadanie Rekrutacyjne */ = {
			isa = PBXNativeTarget;
			buildConfigurationList = F97AB7A420DCECB500E5935D /* Build configuration list for PBXNativeTarget "Zadanie Rekrutacyjne" */;
			buildPhases = (
				F97AB77820DCECB400E5935D /* Sources */,
				F97AB77920DCECB400E5935D /* Frameworks */,
				F97AB77A20DCECB400E5935D /* Resources */,
			);
			buildRules = (
			);
			dependencies = (
			);
			name = "Zadanie Rekrutacyjne";
			productName = "Zadanie Rekrutacyjne";
			productReference = F97AB77C20DCECB400E5935D /* Zadanie Rekrutacyjne.app */;
			productType = "com.apple.product-type.application";
		};
		F97AB78F20DCECB500E5935D /* Zadanie RekrutacyjneTests */ = {
			isa = PBXNativeTarget;
			buildConfigurationList = F97AB7A720DCECB500E5935D /* Build configuration list for PBXNativeTarget "Zadanie RekrutacyjneTests" */;
			buildPhases = (
				F97AB78C20DCECB500E5935D /* Sources */,
				F97AB78D20DCECB500E5935D /* Frameworks */,
				F97AB78E20DCECB500E5935D /* Resources */,
			);
			buildRules = (
			);
			dependencies = (
				F97AB79220DCECB500E5935D /* PBXTargetDependency */,
			);
			name = "Zadanie RekrutacyjneTests";
			productName = "Zadanie RekrutacyjneTests";
			productReference = F97AB79020DCECB500E5935D /* Zadanie RekrutacyjneTests.xctest */;
			productType = "com.apple.product-type.bundle.unit-test";
		};
		F97AB79A20DCECB500E5935D /* Zadanie RekrutacyjneUITests */ = {
			isa = PBXNativeTarget;
			buildConfigurationList = F97AB7AA20DCECB500E5935D /* Build configuration list for PBXNativeTarget "Zadanie RekrutacyjneUITests" */;
			buildPhases = (
				F97AB79720DCECB500E5935D /* Sources */,
				F97AB79820DCECB500E5935D /* Frameworks */,
				F97AB79920DCECB500E5935D /* Resources */,
			);
			buildRules = (
			);
			dependencies = (
				F97AB79D20DCECB500E5935D /* PBXTargetDependency */,
			);
			name = "Zadanie RekrutacyjneUITests";
			productName = "Zadanie RekrutacyjneUITests";
			productReference = F97AB79B20DCECB500E5935D /* Zadanie RekrutacyjneUITests.xctest */;
			productType = "com.apple.product-type.bundle.ui-testing";
		};
/* End PBXNativeTarget section */

/* Begin PBXProject section */
		F97AB77420DCECB400E5935D /* Project object */ = {
			isa = PBXProject;
			attributes = {
				LastSwiftUpdateCheck = 0940;
				LastUpgradeCheck = 0940;
				ORGANIZATIONNAME = "Paweł Walecki";
				TargetAttributes = {
					F97AB77B20DCECB400E5935D = {
						CreatedOnToolsVersion = 9.4.1;
					};
					F97AB78F20DCECB500E5935D = {
						CreatedOnToolsVersion = 9.4.1;
						TestTargetID = F97AB77B20DCECB400E5935D;
					};
					F97AB79A20DCECB500E5935D = {
						CreatedOnToolsVersion = 9.4.1;
						TestTargetID = F97AB77B20DCECB400E5935D;
					};
				};
			};
			buildConfigurationList = F97AB77720DCECB400E5935D /* Build configuration list for PBXProject "Zadanie Rekrutacyjne" */;
			compatibilityVersion = "Xcode 9.3";
			developmentRegion = en;
			hasScannedForEncodings = 0;
			knownRegions = (
				en,
				Base,
			);
			mainGroup = F97AB77320DCECB400E5935D;
			productRefGroup = F97AB77D20DCECB400E5935D /* Products */;
			projectDirPath = "";
			projectRoot = "";
			targets = (
				F97AB77B20DCECB400E5935D /* Zadanie Rekrutacyjne */,
				F97AB78F20DCECB500E5935D /* Zadanie RekrutacyjneTests */,
				F97AB79A20DCECB500E5935D /* Zadanie RekrutacyjneUITests */,
			);
		};
/* End PBXProject section */

/* Begin PBXResourcesBuildPhase section */
		F97AB77A20DCECB400E5935D /* Resources */ = {
			isa = PBXResourcesBuildPhase;
			buildActionMask = 2147483647;
			files = (
				F97AB78A20DCECB500E5935D /* LaunchScreen.storyboard in Resources */,
				F97AB7B520DCEDCA00E5935D /* Localizable.strings in Resources */,
				F97AB78720DCECB500E5935D /* Assets.xcassets in Resources */,
				F97AB78520DCECB400E5935D /* Main.storyboard in Resources */,
			);
			runOnlyForDeploymentPostprocessing = 0;
		};
		F97AB78E20DCECB500E5935D /* Resources */ = {
			isa = PBXResourcesBuildPhase;
			buildActionMask = 2147483647;
			files = (
			);
			runOnlyForDeploymentPostprocessing = 0;
		};
		F97AB79920DCECB500E5935D /* Resources */ = {
			isa = PBXResourcesBuildPhase;
			buildActionMask = 2147483647;
			files = (
			);
			runOnlyForDeploymentPostprocessing = 0;
		};
/* End PBXResourcesBuildPhase section */

/* Begin PBXSourcesBuildPhase section */
		F97AB77820DCECB400E5935D /* Sources */ = {
			isa = PBXSourcesBuildPhase;
			buildActionMask = 2147483647;
			files = (
				F9E0649820DCFBB7000F8C77 /* ElementColor.swift in Sources */,
				F97AB7BE20DCEF6500E5935D /* MainViewController.swift in Sources */,
				F9E0649A20DD0C44000F8C77 /* Elements.swift in Sources */,
				F93693A120DF9D150008B788 /* UIColor+Custom.swift in Sources */,
				F936939B20DF80AC0008B788 /* String+Localization.swift in Sources */,
				F9E0649620DCF5FD000F8C77 /* ElementViewCell.swift in Sources */,
				F97AB78020DCECB400E5935D /* AppDelegate.swift in Sources */,
				F936939F20DF89860008B788 /* UIButton+Custom.swift in Sources */,
				F93693A420DFA80F0008B788 /* DecoratorView.swift in Sources */,
				F9E0649C20DD151E000F8C77 /* Element.swift in Sources */,
				F97AB7BB20DCEF0500E5935D /* BaseViewController.swift in Sources */,
				F93693A620DFAD650008B788 /* DecorationFlowLayout.swift in Sources */,
				F9E0649E20DD27B8000F8C77 /* MainTimer.swift in Sources */,
			);
			runOnlyForDeploymentPostprocessing = 0;
		};
		F97AB78C20DCECB500E5935D /* Sources */ = {
			isa = PBXSourcesBuildPhase;
			buildActionMask = 2147483647;
			files = (
				F9F244AA20E0F4100030D5F5 /* ElementTests.swift in Sources */,
				F97AB79520DCECB500E5935D /* Zadanie_RekrutacyjneTests.swift in Sources */,
				F9F244A820E0F33C0030D5F5 /* ElementsTest.swift in Sources */,
				F9F244AE20E0FA880030D5F5 /* ElementsColorTests.swift in Sources */,
				F9F244AC20E0F4E40030D5F5 /* TimerTests.swift in Sources */,
				F9F244B020E0FF080030D5F5 /* MainViewControllerTests.swift in Sources */,
			);
			runOnlyForDeploymentPostprocessing = 0;
		};
		F97AB79720DCECB500E5935D /* Sources */ = {
			isa = PBXSourcesBuildPhase;
			buildActionMask = 2147483647;
			files = (
				F97AB7A020DCECB500E5935D /* Zadanie_RekrutacyjneUITests.swift in Sources */,
			);
			runOnlyForDeploymentPostprocessing = 0;
		};
/* End PBXSourcesBuildPhase section */

/* Begin PBXTargetDependency section */
		F97AB79220DCECB500E5935D /* PBXTargetDependency */ = {
			isa = PBXTargetDependency;
			target = F97AB77B20DCECB400E5935D /* Zadanie Rekrutacyjne */;
			targetProxy = F97AB79120DCECB500E5935D /* PBXContainerItemProxy */;
		};
		F97AB79D20DCECB500E5935D /* PBXTargetDependency */ = {
			isa = PBXTargetDependency;
			target = F97AB77B20DCECB400E5935D /* Zadanie Rekrutacyjne */;
			targetProxy = F97AB79C20DCECB500E5935D /* PBXContainerItemProxy */;
		};
/* End PBXTargetDependency section */

/* Begin PBXVariantGroup section */
		F97AB78320DCECB400E5935D /* Main.storyboard */ = {
			isa = PBXVariantGroup;
			children = (
				F97AB78420DCECB400E5935D /* Base */,
				F97AB7B120DCEDA000E5935D /* pl */,
			);
			name = Main.storyboard;
			sourceTree = "<group>";
		};
		F97AB78820DCECB500E5935D /* LaunchScreen.storyboard */ = {
			isa = PBXVariantGroup;
			children = (
				F97AB78920DCECB500E5935D /* Base */,
				F97AB7B220DCEDA000E5935D /* pl */,
			);
			name = LaunchScreen.storyboard;
			sourceTree = "<group>";
		};
		F97AB7B720DCEDCA00E5935D /* Localizable.strings */ = {
			isa = PBXVariantGroup;
			children = (
				F97AB7B620DCEDCA00E5935D /* pl */,
				F97AB7B820DCEDCE00E5935D /* Base */,
				F97AB7B920DCEDD900E5935D /* en */,
			);
			name = Localizable.strings;
			sourceTree = "<group>";
		};
/* End PBXVariantGroup section */

/* Begin XCBuildConfiguration section */
		F97AB7A220DCECB500E5935D /* Debug */ = {
			isa = XCBuildConfiguration;
			buildSettings = {
				ALWAYS_SEARCH_USER_PATHS = NO;
				CLANG_ANALYZER_LOCALIZABILITY_NONLOCALIZED = YES;
				CLANG_ANALYZER_NONNULL = YES;
				CLANG_ANALYZER_NUMBER_OBJECT_CONVERSION = YES_AGGRESSIVE;
				CLANG_CXX_LANGUAGE_STANDARD = "gnu++14";
				CLANG_CXX_LIBRARY = "libc++";
				CLANG_ENABLE_MODULES = YES;
				CLANG_ENABLE_OBJC_ARC = YES;
				CLANG_ENABLE_OBJC_WEAK = YES;
				CLANG_WARN_BLOCK_CAPTURE_AUTORELEASING = YES;
				CLANG_WARN_BOOL_CONVERSION = YES;
				CLANG_WARN_COMMA = YES;
				CLANG_WARN_CONSTANT_CONVERSION = YES;
				CLANG_WARN_DEPRECATED_OBJC_IMPLEMENTATIONS = YES;
				CLANG_WARN_DIRECT_OBJC_ISA_USAGE = YES_ERROR;
				CLANG_WARN_DOCUMENTATION_COMMENTS = YES;
				CLANG_WARN_EMPTY_BODY = YES;
				CLANG_WARN_ENUM_CONVERSION = YES;
				CLANG_WARN_INFINITE_RECURSION = YES;
				CLANG_WARN_INT_CONVERSION = YES;
				CLANG_WARN_NON_LITERAL_NULL_CONVERSION = YES;
				CLANG_WARN_OBJC_IMPLICIT_RETAIN_SELF = YES;
				CLANG_WARN_OBJC_LITERAL_CONVERSION = YES;
				CLANG_WARN_OBJC_ROOT_CLASS = YES_ERROR;
				CLANG_WARN_RANGE_LOOP_ANALYSIS = YES;
				CLANG_WARN_STRICT_PROTOTYPES = YES;
				CLANG_WARN_SUSPICIOUS_MOVE = YES;
				CLANG_WARN_UNGUARDED_AVAILABILITY = YES_AGGRESSIVE;
				CLANG_WARN_UNREACHABLE_CODE = YES;
				CLANG_WARN__DUPLICATE_METHOD_MATCH = YES;
				CODE_SIGN_IDENTITY = "iPhone Developer";
				COPY_PHASE_STRIP = NO;
				DEBUG_INFORMATION_FORMAT = dwarf;
				ENABLE_STRICT_OBJC_MSGSEND = YES;
				ENABLE_TESTABILITY = YES;
				GCC_C_LANGUAGE_STANDARD = gnu11;
				GCC_DYNAMIC_NO_PIC = NO;
				GCC_NO_COMMON_BLOCKS = YES;
				GCC_OPTIMIZATION_LEVEL = 0;
				GCC_PREPROCESSOR_DEFINITIONS = (
					"DEBUG=1",
					"$(inherited)",
				);
				GCC_WARN_64_TO_32_BIT_CONVERSION = YES;
				GCC_WARN_ABOUT_RETURN_TYPE = YES_ERROR;
				GCC_WARN_UNDECLARED_SELECTOR = YES;
				GCC_WARN_UNINITIALIZED_AUTOS = YES_AGGRESSIVE;
				GCC_WARN_UNUSED_FUNCTION = YES;
				GCC_WARN_UNUSED_VARIABLE = YES;
				IPHONEOS_DEPLOYMENT_TARGET = 10.0;
				MTL_ENABLE_DEBUG_INFO = YES;
				ONLY_ACTIVE_ARCH = YES;
				SDKROOT = iphoneos;
				SWIFT_ACTIVE_COMPILATION_CONDITIONS = DEBUG;
				SWIFT_OPTIMIZATION_LEVEL = "-Onone";
			};
			name = Debug;
		};
		F97AB7A320DCECB500E5935D /* Release */ = {
			isa = XCBuildConfiguration;
			buildSettings = {
				ALWAYS_SEARCH_USER_PATHS = NO;
				CLANG_ANALYZER_LOCALIZABILITY_NONLOCALIZED = YES;
				CLANG_ANALYZER_NONNULL = YES;
				CLANG_ANALYZER_NUMBER_OBJECT_CONVERSION = YES_AGGRESSIVE;
				CLANG_CXX_LANGUAGE_STANDARD = "gnu++14";
				CLANG_CXX_LIBRARY = "libc++";
				CLANG_ENABLE_MODULES = YES;
				CLANG_ENABLE_OBJC_ARC = YES;
				CLANG_ENABLE_OBJC_WEAK = YES;
				CLANG_WARN_BLOCK_CAPTURE_AUTORELEASING = YES;
				CLANG_WARN_BOOL_CONVERSION = YES;
				CLANG_WARN_COMMA = YES;
				CLANG_WARN_CONSTANT_CONVERSION = YES;
				CLANG_WARN_DEPRECATED_OBJC_IMPLEMENTATIONS = YES;
				CLANG_WARN_DIRECT_OBJC_ISA_USAGE = YES_ERROR;
				CLANG_WARN_DOCUMENTATION_COMMENTS = YES;
				CLANG_WARN_EMPTY_BODY = YES;
				CLANG_WARN_ENUM_CONVERSION = YES;
				CLANG_WARN_INFINITE_RECURSION = YES;
				CLANG_WARN_INT_CONVERSION = YES;
				CLANG_WARN_NON_LITERAL_NULL_CONVERSION = YES;
				CLANG_WARN_OBJC_IMPLICIT_RETAIN_SELF = YES;
				CLANG_WARN_OBJC_LITERAL_CONVERSION = YES;
				CLANG_WARN_OBJC_ROOT_CLASS = YES_ERROR;
				CLANG_WARN_RANGE_LOOP_ANALYSIS = YES;
				CLANG_WARN_STRICT_PROTOTYPES = YES;
				CLANG_WARN_SUSPICIOUS_MOVE = YES;
				CLANG_WARN_UNGUARDED_AVAILABILITY = YES_AGGRESSIVE;
				CLANG_WARN_UNREACHABLE_CODE = YES;
				CLANG_WARN__DUPLICATE_METHOD_MATCH = YES;
				CODE_SIGN_IDENTITY = "iPhone Developer";
				COPY_PHASE_STRIP = NO;
				DEBUG_INFORMATION_FORMAT = "dwarf-with-dsym";
				ENABLE_NS_ASSERTIONS = NO;
				ENABLE_STRICT_OBJC_MSGSEND = YES;
				GCC_C_LANGUAGE_STANDARD = gnu11;
				GCC_NO_COMMON_BLOCKS = YES;
				GCC_WARN_64_TO_32_BIT_CONVERSION = YES;
				GCC_WARN_ABOUT_RETURN_TYPE = YES_ERROR;
				GCC_WARN_UNDECLARED_SELECTOR = YES;
				GCC_WARN_UNINITIALIZED_AUTOS = YES_AGGRESSIVE;
				GCC_WARN_UNUSED_FUNCTION = YES;
				GCC_WARN_UNUSED_VARIABLE = YES;
				IPHONEOS_DEPLOYMENT_TARGET = 10.0;
				MTL_ENABLE_DEBUG_INFO = NO;
				SDKROOT = iphoneos;
				SWIFT_COMPILATION_MODE = wholemodule;
				SWIFT_OPTIMIZATION_LEVEL = "-O";
				VALIDATE_PRODUCT = YES;
			};
			name = Release;
		};
		F97AB7A520DCECB500E5935D /* Debug */ = {
			isa = XCBuildConfiguration;
			buildSettings = {
				ASSETCATALOG_COMPILER_APPICON_NAME = AppIcon;
				CODE_SIGN_STYLE = Automatic;
				DEVELOPMENT_TEAM = 8HAPHZB635;
				INFOPLIST_FILE = "$(SRCROOT)/Zadanie Rekrutacyjne/Supporting files/Info.plist";
				IPHONEOS_DEPLOYMENT_TARGET = 10.0;
				LD_RUNPATH_SEARCH_PATHS = (
					"$(inherited)",
					"@executable_path/Frameworks",
				);
				PRODUCT_BUNDLE_IDENTIFIER = "pl.pw.Zadanie-Rekrutacyjne";
				PRODUCT_NAME = "$(TARGET_NAME)";
				SWIFT_VERSION = 4.0;
				TARGETED_DEVICE_FAMILY = "1,2";
			};
			name = Debug;
		};
		F97AB7A620DCECB500E5935D /* Release */ = {
			isa = XCBuildConfiguration;
			buildSettings = {
				ASSETCATALOG_COMPILER_APPICON_NAME = AppIcon;
				CODE_SIGN_STYLE = Automatic;
				DEVELOPMENT_TEAM = 8HAPHZB635;
				INFOPLIST_FILE = "$(SRCROOT)/Zadanie Rekrutacyjne/Supporting files/Info.plist";
				IPHONEOS_DEPLOYMENT_TARGET = 10.0;
				LD_RUNPATH_SEARCH_PATHS = (
					"$(inherited)",
					"@executable_path/Frameworks",
				);
				PRODUCT_BUNDLE_IDENTIFIER = "pl.pw.Zadanie-Rekrutacyjne";
				PRODUCT_NAME = "$(TARGET_NAME)";
				SWIFT_VERSION = 4.0;
				TARGETED_DEVICE_FAMILY = "1,2";
			};
			name = Release;
		};
		F97AB7A820DCECB500E5935D /* Debug */ = {
			isa = XCBuildConfiguration;
			buildSettings = {
				ALWAYS_EMBED_SWIFT_STANDARD_LIBRARIES = YES;
				BUNDLE_LOADER = "$(TEST_HOST)";
				CODE_SIGN_STYLE = Automatic;
				DEVELOPMENT_TEAM = 8HAPHZB635;
				INFOPLIST_FILE = "Zadanie RekrutacyjneTests/Info.plist";
				LD_RUNPATH_SEARCH_PATHS = (
					"$(inherited)",
					"@executable_path/Frameworks",
					"@loader_path/Frameworks",
				);
				PRODUCT_BUNDLE_IDENTIFIER = "pl.pw.Zadanie-RekrutacyjneTests";
				PRODUCT_NAME = "$(TARGET_NAME)";
				SWIFT_VERSION = 4.0;
				TARGETED_DEVICE_FAMILY = "1,2";
				TEST_HOST = "$(BUILT_PRODUCTS_DIR)/Zadanie Rekrutacyjne.app/Zadanie Rekrutacyjne";
			};
			name = Debug;
		};
		F97AB7A920DCECB500E5935D /* Release */ = {
			isa = XCBuildConfiguration;
			buildSettings = {
				ALWAYS_EMBED_SWIFT_STANDARD_LIBRARIES = YES;
				BUNDLE_LOADER = "$(TEST_HOST)";
				CODE_SIGN_STYLE = Automatic;
				DEVELOPMENT_TEAM = 8HAPHZB635;
				INFOPLIST_FILE = "Zadanie RekrutacyjneTests/Info.plist";
				LD_RUNPATH_SEARCH_PATHS = (
					"$(inherited)",
					"@executable_path/Frameworks",
					"@loader_path/Frameworks",
				);
				PRODUCT_BUNDLE_IDENTIFIER = "pl.pw.Zadanie-RekrutacyjneTests";
				PRODUCT_NAME = "$(TARGET_NAME)";
				SWIFT_VERSION = 4.0;
				TARGETED_DEVICE_FAMILY = "1,2";
				TEST_HOST = "$(BUILT_PRODUCTS_DIR)/Zadanie Rekrutacyjne.app/Zadanie Rekrutacyjne";
			};
			name = Release;
		};
		F97AB7AB20DCECB500E5935D /* Debug */ = {
			isa = XCBuildConfiguration;
			buildSettings = {
				ALWAYS_EMBED_SWIFT_STANDARD_LIBRARIES = YES;
				CODE_SIGN_STYLE = Automatic;
				DEVELOPMENT_TEAM = 8HAPHZB635;
				INFOPLIST_FILE = "Zadanie RekrutacyjneUITests/Info.plist";
				LD_RUNPATH_SEARCH_PATHS = (
					"$(inherited)",
					"@executable_path/Frameworks",
					"@loader_path/Frameworks",
				);
				PRODUCT_BUNDLE_IDENTIFIER = "pl.pw.Zadanie-RekrutacyjneUITests";
				PRODUCT_NAME = "$(TARGET_NAME)";
				SWIFT_VERSION = 4.0;
				TARGETED_DEVICE_FAMILY = "1,2";
				TEST_TARGET_NAME = "Zadanie Rekrutacyjne";
			};
			name = Debug;
		};
		F97AB7AC20DCECB500E5935D /* Release */ = {
			isa = XCBuildConfiguration;
			buildSettings = {
				ALWAYS_EMBED_SWIFT_STANDARD_LIBRARIES = YES;
				CODE_SIGN_STYLE = Automatic;
				DEVELOPMENT_TEAM = 8HAPHZB635;
				INFOPLIST_FILE = "Zadanie RekrutacyjneUITests/Info.plist";
				LD_RUNPATH_SEARCH_PATHS = (
					"$(inherited)",
					"@executable_path/Frameworks",
					"@loader_path/Frameworks",
				);
				PRODUCT_BUNDLE_IDENTIFIER = "pl.pw.Zadanie-RekrutacyjneUITests";
				PRODUCT_NAME = "$(TARGET_NAME)";
				SWIFT_VERSION = 4.0;
				TARGETED_DEVICE_FAMILY = "1,2";
				TEST_TARGET_NAME = "Zadanie Rekrutacyjne";
			};
			name = Release;
		};
/* End XCBuildConfiguration section */

/* Begin XCConfigurationList section */
		F97AB77720DCECB400E5935D /* Build configuration list for PBXProject "Zadanie Rekrutacyjne" */ = {
			isa = XCConfigurationList;
			buildConfigurations = (
				F97AB7A220DCECB500E5935D /* Debug */,
				F97AB7A320DCECB500E5935D /* Release */,
			);
			defaultConfigurationIsVisible = 0;
			defaultConfigurationName = Release;
		};
		F97AB7A420DCECB500E5935D /* Build configuration list for PBXNativeTarget "Zadanie Rekrutacyjne" */ = {
			isa = XCConfigurationList;
			buildConfigurations = (
				F97AB7A520DCECB500E5935D /* Debug */,
				F97AB7A620DCECB500E5935D /* Release */,
			);
			defaultConfigurationIsVisible = 0;
			defaultConfigurationName = Release;
		};
		F97AB7A720DCECB500E5935D /* Build configuration list for PBXNativeTarget "Zadanie RekrutacyjneTests" */ = {
			isa = XCConfigurationList;
			buildConfigurations = (
				F97AB7A820DCECB500E5935D /* Debug */,
				F97AB7A920DCECB500E5935D /* Release */,
			);
			defaultConfigurationIsVisible = 0;
			defaultConfigurationName = Release;
		};
		F97AB7AA20DCECB500E5935D /* Build configuration list for PBXNativeTarget "Zadanie RekrutacyjneUITests" */ = {
			isa = XCConfigurationList;
			buildConfigurations = (
				F97AB7AB20DCECB500E5935D /* Debug */,
				F97AB7AC20DCECB500E5935D /* Release */,
			);
			defaultConfigurationIsVisible = 0;
			defaultConfigurationName = Release;
		};
/* End XCConfigurationList section */
	};
	rootObject = F97AB77420DCECB400E5935D /* Project object */;
}
